
Microsoft Visual Studio Solution File, Format Version 12.00
# Visual Studio Version 17
VisualStudioVersion = 17.0.31903.59
MinimumVisualStudioVersion = 10.0.40219.1
Project("{2150E333-8FDC-42A3-9474-1A3956D46DE8}") = "src", "src", "{827E0CD3-B72D-47B6-A68D-7590B98EB39B}"
EndProject
Project("{FAE04EC0-301F-11D3-BF4B-00C04F79EFBC}") = "MilMap.CLI", "src\MilMap.CLI\MilMap.CLI.csproj", "{013695B7-7C84-451F-A31B-4B4A1ED0EAA1}"
EndProject
Project("{FAE04EC0-301F-11D3-BF4B-00C04F79EFBC}") = "MilMap.Core", "src\MilMap.Core\MilMap.Core.csproj", "{3EF612C8-A161-47E4-B0A2-7D8FE7B426A1}"
EndProject
Project("{2150E333-8FDC-42A3-9474-1A3956D46DE8}") = "tests", "tests", "{0AB3BF05-4346-4AA6-1389-037BE0695223}"
EndProject
Project("{FAE04EC0-301F-11D3-BF4B-00C04F79EFBC}") = "MilMap.Tests", "tests\MilMap.Tests\MilMap.Tests.csproj", "{9C9D51A4-5971-459E-A70B-E7655E0897F8}"
EndProject
Project("{2150E333-8FDC-42A3-9474-1A3956D46DE8}") = "benchmarks", "benchmarks", "{66320409-64EC-F7C5-3DEF-65E7510DAAD1}"
EndProject
Project("{FAE04EC0-301F-11D3-BF4B-00C04F79EFBC}") = "MilMap.Benchmarks", "benchmarks\MilMap.Benchmarks\MilMap.Benchmarks.csproj", "{B8E9E578-FA57-4333-91D6-F45E405F914F}"
EndProject
Global
	GlobalSection(SolutionConfigurationPlatforms) = preSolution
		Debug|Any CPU = Debug|Any CPU
		Debug|x64 = Debug|x64
		Debug|x86 = Debug|x86
		Release|Any CPU = Release|Any CPU
		Release|x64 = Release|x64
		Release|x86 = Release|x86
	EndGlobalSection
	GlobalSection(ProjectConfigurationPlatforms) = postSolution
		{013695B7-7C84-451F-A31B-4B4A1ED0EAA1}.Debug|Any CPU.ActiveCfg = Debug|Any CPU
		{013695B7-7C84-451F-A31B-4B4A1ED0EAA1}.Debug|Any CPU.Build.0 = Debug|Any CPU
		{013695B7-7C84-451F-A31B-4B4A1ED0EAA1}.Debug|x64.ActiveCfg = Debug|Any CPU
		{013695B7-7C84-451F-A31B-4B4A1ED0EAA1}.Debug|x64.Build.0 = Debug|Any CPU
		{013695B7-7C84-451F-A31B-4B4A1ED0EAA1}.Debug|x86.ActiveCfg = Debug|Any CPU
		{013695B7-7C84-451F-A31B-4B4A1ED0EAA1}.Debug|x86.Build.0 = Debug|Any CPU
		{013695B7-7C84-451F-A31B-4B4A1ED0EAA1}.Release|Any CPU.ActiveCfg = Release|Any CPU
		{013695B7-7C84-451F-A31B-4B4A1ED0EAA1}.Release|Any CPU.Build.0 = Release|Any CPU
		{013695B7-7C84-451F-A31B-4B4A1ED0EAA1}.Release|x64.ActiveCfg = Release|Any CPU
		{013695B7-7C84-451F-A31B-4B4A1ED0EAA1}.Release|x64.Build.0 = Release|Any CPU
		{013695B7-7C84-451F-A31B-4B4A1ED0EAA1}.Release|x86.ActiveCfg = Release|Any CPU
		{013695B7-7C84-451F-A31B-4B4A1ED0EAA1}.Release|x86.Build.0 = Release|Any CPU
		{3EF612C8-A161-47E4-B0A2-7D8FE7B426A1}.Debug|Any CPU.ActiveCfg = Debug|Any CPU
		{3EF612C8-A161-47E4-B0A2-7D8FE7B426A1}.Debug|Any CPU.Build.0 = Debug|Any CPU
		{3EF612C8-A161-47E4-B0A2-7D8FE7B426A1}.Debug|x64.ActiveCfg = Debug|Any CPU
		{3EF612C8-A161-47E4-B0A2-7D8FE7B426A1}.Debug|x64.Build.0 = Debug|Any CPU
		{3EF612C8-A161-47E4-B0A2-7D8FE7B426A1}.Debug|x86.ActiveCfg = Debug|Any CPU
		{3EF612C8-A161-47E4-B0A2-7D8FE7B426A1}.Debug|x86.Build.0 = Debug|Any CPU
		{3EF612C8-A161-47E4-B0A2-7D8FE7B426A1}.Release|Any CPU.ActiveCfg = Release|Any CPU
		{3EF612C8-A161-47E4-B0A2-7D8FE7B426A1}.Release|Any CPU.Build.0 = Release|Any CPU
		{3EF612C8-A161-47E4-B0A2-7D8FE7B426A1}.Release|x64.ActiveCfg = Release|Any CPU
		{3EF612C8-A161-47E4-B0A2-7D8FE7B426A1}.Release|x64.Build.0 = Release|Any CPU
		{3EF612C8-A161-47E4-B0A2-7D8FE7B426A1}.Release|x86.ActiveCfg = Release|Any CPU
		{3EF612C8-A161-47E4-B0A2-7D8FE7B426A1}.Release|x86.Build.0 = Release|Any CPU
		{9C9D51A4-5971-459E-A70B-E7655E0897F8}.Debug|Any CPU.ActiveCfg = Debug|Any CPU
		{9C9D51A4-5971-459E-A70B-E7655E0897F8}.Debug|Any CPU.Build.0 = Debug|Any CPU
		{9C9D51A4-5971-459E-A70B-E7655E0897F8}.Debug|x64.ActiveCfg = Debug|Any CPU
		{9C9D51A4-5971-459E-A70B-E7655E0897F8}.Debug|x64.Build.0 = Debug|Any CPU
		{9C9D51A4-5971-459E-A70B-E7655E0897F8}.Debug|x86.ActiveCfg = Debug|Any CPU
		{9C9D51A4-5971-459E-A70B-E7655E0897F8}.Debug|x86.Build.0 = Debug|Any CPU
		{9C9D51A4-5971-459E-A70B-E7655E0897F8}.Release|Any CPU.ActiveCfg = Release|Any CPU
		{9C9D51A4-5971-459E-A70B-E7655E0897F8}.Release|Any CPU.Build.0 = Release|Any CPU
		{9C9D51A4-5971-459E-A70B-E7655E0897F8}.Release|x64.ActiveCfg = Release|Any CPU
		{9C9D51A4-5971-459E-A70B-E7655E0897F8}.Release|x64.Build.0 = Release|Any CPU
		{9C9D51A4-5971-459E-A70B-E7655E0897F8}.Release|x86.ActiveCfg = Release|Any CPU
		{9C9D51A4-5971-459E-A70B-E7655E0897F8}.Release|x86.Build.0 = Release|Any CPU
		{B8E9E578-FA57-4333-91D6-F45E405F914F}.Debug|Any CPU.ActiveCfg = Debug|Any CPU
		{B8E9E578-FA57-4333-91D6-F45E405F914F}.Debug|Any CPU.Build.0 = Debug|Any CPU
		{B8E9E578-FA57-4333-91D6-F45E405F914F}.Debug|x64.ActiveCfg = Debug|Any CPU
		{B8E9E578-FA57-4333-91D6-F45E405F914F}.Debug|x64.Build.0 = Debug|Any CPU
		{B8E9E578-FA57-4333-91D6-F45E405F914F}.Debug|x86.ActiveCfg = Debug|Any CPU
		{B8E9E578-FA57-4333-91D6-F45E405F914F}.Debug|x86.Build.0 = Debug|Any CPU
		{B8E9E578-FA57-4333-91D6-F45E405F914F}.Release|Any CPU.ActiveCfg = Release|Any CPU
		{B8E9E578-FA57-4333-91D6-F45E405F914F}.Release|Any CPU.Build.0 = Release|Any CPU
		{B8E9E578-FA57-4333-91D6-F45E405F914F}.Release|x64.ActiveCfg = Release|Any CPU
		{B8E9E578-FA57-4333-91D6-F45E405F914F}.Release|x64.Build.0 = Release|Any CPU
		{B8E9E578-FA57-4333-91D6-F45E405F914F}.Release|x86.ActiveCfg = Release|Any CPU
		{B8E9E578-FA57-4333-91D6-F45E405F914F}.Release|x86.Build.0 = Release|Any CPU
	EndGlobalSection
	GlobalSection(SolutionProperties) = preSolution
		HideSolutionNode = FALSE
	EndGlobalSection
	GlobalSection(NestedProjects) = preSolution
		{013695B7-7C84-451F-A31B-4B4A1ED0EAA1} = {827E0CD3-B72D-47B6-A68D-7590B98EB39B}
		{3EF612C8-A161-47E4-B0A2-7D8FE7B426A1} = {827E0CD3-B72D-47B6-A68D-7590B98EB39B}
		{9C9D51A4-5971-459E-A70B-E7655E0897F8} = {0AB3BF05-4346-4AA6-1389-037BE0695223}
		{B8E9E578-FA57-4333-91D6-F45E405F914F} = {66320409-64EC-F7C5-3DEF-65E7510DAAD1}
	EndGlobalSection
EndGlobal
